// !$*UTF8*$!
{
	archiveVersion = 1;
	classes = {
	};
	objectVersion = 50;
	objects = {

/* Begin PBXBuildFile section */
		E4DEF5FC2587A575001C22FC /* RGBSliderApp.swift in Sources */ = {isa = PBXBuildFile; fileRef = E4DEF5FB2587A575001C22FC /* RGBSliderApp.swift */; };
		E4DEF5FE2587A575001C22FC /* RGBSlider.swift in Sources */ = {isa = PBXBuildFile; fileRef = E4DEF5FD2587A575001C22FC /* RGBSlider.swift */; };
		E4DEF6002587A579001C22FC /* Assets.xcassets in Resources */ = {isa = PBXBuildFile; fileRef = E4DEF5FF2587A579001C22FC /* Assets.xcassets */; };
		E4DEF6032587A579001C22FC /* Preview Assets.xcassets in Resources */ = {isa = PBXBuildFile; fileRef = E4DEF6022587A579001C22FC /* Preview Assets.xcassets */; };
		E4DEF60C2587A5F6001C22FC /* RectangleView.swift in Sources */ = {isa = PBXBuildFile; fileRef = E4DEF60B2587A5F6001C22FC /* RectangleView.swift */; };
		E4DEF6332588BDC9001C22FC /* TextFields.swift in Sources */ = {isa = PBXBuildFile; fileRef = E4DEF6322588BDC9001C22FC /* TextFields.swift */; };
		E4DEF6362588BE0C001C22FC /* Sliders.swift in Sources */ = {isa = PBXBuildFile; fileRef = E4DEF6352588BE0C001C22FC /* Sliders.swift */; };
		E4DEF6392588BE2C001C22FC /* Labels.swift in Sources */ = {isa = PBXBuildFile; fileRef = E4DEF6382588BE2C001C22FC /* Labels.swift */; };
/* End PBXBuildFile section */

/* Begin PBXFileReference section */
		E4DEF5F82587A575001C22FC /* RGBSlider.app */ = {isa = PBXFileReference; explicitFileType = wrapper.application; includeInIndex = 0; path = RGBSlider.app; sourceTree = BUILT_PRODUCTS_DIR; };
		E4DEF5FB2587A575001C22FC /* RGBSliderApp.swift */ = {isa = PBXFileReference; lastKnownFileType = sourcecode.swift; path = RGBSliderApp.swift; sourceTree = "<group>"; };
		E4DEF5FD2587A575001C22FC /* RGBSlider.swift */ = {isa = PBXFileReference; lastKnownFileType = sourcecode.swift; path = RGBSlider.swift; sourceTree = "<group>"; };
		E4DEF5FF2587A579001C22FC /* Assets.xcassets */ = {isa = PBXFileReference; lastKnownFileType = folder.assetcatalog; path = Assets.xcassets; sourceTree = "<group>"; };
		E4DEF6022587A579001C22FC /* Preview Assets.xcassets */ = {isa = PBXFileReference; lastKnownFileType = folder.assetcatalog; path = "Preview Assets.xcassets"; sourceTree = "<group>"; };
		E4DEF6042587A579001C22FC /* Info.plist */ = {isa = PBXFileReference; lastKnownFileType = text.plist.xml; path = Info.plist; sourceTree = "<group>"; };
		E4DEF60B2587A5F6001C22FC /* RectangleView.swift */ = {isa = PBXFileReference; lastKnownFileType = sourcecode.swift; path = RectangleView.swift; sourceTree = "<group>"; };
		E4DEF6322588BDC9001C22FC /* TextFields.swift */ = {isa = PBXFileReference; lastKnownFileType = sourcecode.swift; path = TextFields.swift; sourceTree = "<group>"; };
		E4DEF6352588BE0C001C22FC /* Sliders.swift */ = {isa = PBXFileReference; lastKnownFileType = sourcecode.swift; path = Sliders.swift; sourceTree = "<group>"; };
		E4DEF6382588BE2C001C22FC /* Labels.swift */ = {isa = PBXFileReference; lastKnownFileType = sourcecode.swift; path = Labels.swift; sourceTree = "<group>"; };
/* End PBXFileReference section */

/* Begin PBXFrameworksBuildPhase section */
		E4DEF5F52587A575001C22FC /* Frameworks */ = {
			isa = PBXFrameworksBuildPhase;
			buildActionMask = 2147483647;
			files = (
			);
			runOnlyForDeploymentPostprocessing = 0;
		};
/* End PBXFrameworksBuildPhase section */

/* Begin PBXGroup section */
		E4DEF5EF2587A575001C22FC = {
			isa = PBXGroup;
			children = (
				E4DEF5FA2587A575001C22FC /* RGBSlider */,
				E4DEF5F92587A575001C22FC /* Products */,
			);
			sourceTree = "<group>";
		};
		E4DEF5F92587A575001C22FC /* Products */ = {
			isa = PBXGroup;
			children = (
				E4DEF5F82587A575001C22FC /* RGBSlider.app */,
			);
			name = Products;
			sourceTree = "<group>";
		};
		E4DEF5FA2587A575001C22FC /* RGBSlider */ = {
			isa = PBXGroup;
			children = (
				E4DEF5FB2587A575001C22FC /* RGBSliderApp.swift */,
				E4DEF5FD2587A575001C22FC /* RGBSlider.swift */,
				E4DEF60B2587A5F6001C22FC /* RectangleView.swift */,
				E4DEF6382588BE2C001C22FC /* Labels.swift */,
				E4DEF6352588BE0C001C22FC /* Sliders.swift */,
				E4DEF6322588BDC9001C22FC /* TextFields.swift */,
				E4DEF5FF2587A579001C22FC /* Assets.xcassets */,
				E4DEF6042587A579001C22FC /* Info.plist */,
				E4DEF6012587A579001C22FC /* Preview Content */,
			);
			path = RGBSlider;
			sourceTree = "<group>";
		};
		E4DEF6012587A579001C22FC /* Preview Content */ = {
			isa = PBXGroup;
			children = (
				E4DEF6022587A579001C22FC /* Preview Assets.xcassets */,
			);
			path = "Preview Content";
			sourceTree = "<group>";
		};
/* End PBXGroup section */

/* Begin PBXNativeTarget section */
		E4DEF5F72587A575001C22FC /* RGBSlider */ = {
			isa = PBXNativeTarget;
			buildConfigurationList = E4DEF6072587A579001C22FC /* Build configuration list for PBXNativeTarget "RGBSlider" */;
			buildPhases = (
				E4DEF5F42587A575001C22FC /* Sources */,
				E4DEF5F52587A575001C22FC /* Frameworks */,
				E4DEF5F62587A575001C22FC /* Resources */,
			);
			buildRules = (
			);
			dependencies = (
			);
			name = RGBSlider;
			productName = RGBSlider;
			productReference = E4DEF5F82587A575001C22FC /* RGBSlider.app */;
			productType = "com.apple.product-type.application";
		};
/* End PBXNativeTarget section */

/* Begin PBXProject section */
		E4DEF5F02587A575001C22FC /* Project object */ = {
			isa = PBXProject;
			attributes = {
				LastSwiftUpdateCheck = 1220;
				LastUpgradeCheck = 1220;
				TargetAttributes = {
					E4DEF5F72587A575001C22FC = {
						CreatedOnToolsVersion = 12.2;
					};
				};
			};
			buildConfigurationList = E4DEF5F32587A575001C22FC /* Build configuration list for PBXProject "RGBSlider" */;
			compatibilityVersion = "Xcode 9.3";
			developmentRegion = en;
			hasScannedForEncodings = 0;
			knownRegions = (
				en,
				Base,
			);
			mainGroup = E4DEF5EF2587A575001C22FC;
			productRefGroup = E4DEF5F92587A575001C22FC /* Products */;
			projectDirPath = "";
			projectRoot = "";
			targets = (
				E4DEF5F72587A575001C22FC /* RGBSlider */,
			);
		};
/* End PBXProject section */

/* Begin PBXResourcesBuildPhase section */
		E4DEF5F62587A575001C22FC /* Resources */ = {
			isa = PBXResourcesBuildPhase;
			buildActionMask = 2147483647;
			files = (
				E4DEF6032587A579001C22FC /* Preview Assets.xcassets in Resources */,
				E4DEF6002587A579001C22FC /* Assets.xcassets in Resources */,
			);
			runOnlyForDeploymentPostprocessing = 0;
		};
/* End PBXResourcesBuildPhase section */

/* Begin PBXSourcesBuildPhase section */
		E4DEF5F42587A575001C22FC /* Sources */ = {
			isa = PBXSourcesBuildPhase;
			buildActionMask = 2147483647;
			files = (
				E4DEF6362588BE0C001C22FC /* Sliders.swift in Sources */,
				E4DEF60C2587A5F6001C22FC /* RectangleView.swift in Sources */,
				E4DEF6392588BE2C001C22FC /* Labels.swift in Sources */,
				E4DEF5FE2587A575001C22FC /* RGBSlider.swift in Sources */,
				E4DEF5FC2587A575001C22FC /* RGBSliderApp.swift in Sources */,
				E4DEF6332588BDC9001C22FC /* TextFields.swift in Sources */,
			);
			runOnlyForDeploymentPostprocessing = 0;
		};
/* End PBXSourcesBuildPhase section */

/* Begin XCBuildConfiguration section */
		E4DEF6052587A579001C22FC /* Debug */ = {
			isa = XCBuildConfiguration;
			buildSettings = {
				ALWAYS_SEARCH_USER_PATHS = NO;
				CLANG_ANALYZER_NONNULL = YES;
				CLANG_ANALYZER_NUMBER_OBJECT_CONVERSION = YES_AGGRESSIVE;
				CLANG_CXX_LANGUAGE_STANDARD = "gnu++14";
				CLANG_CXX_LIBRARY = "libc++";
				CLANG_ENABLE_MODULES = YES;
				CLANG_ENABLE_OBJC_ARC = YES;
				CLANG_ENABLE_OBJC_WEAK = YES;
				CLANG_WARN_BLOCK_CAPTURE_AUTORELEASING = YES;
				CLANG_WARN_BOOL_CONVERSION = YES;
				CLANG_WARN_COMMA = YES;
				CLANG_WARN_CONSTANT_CONVERSION = YES;
				CLANG_WARN_DEPRECATED_OBJC_IMPLEMENTATIONS = YES;
				CLANG_WARN_DIRECT_OBJC_ISA_USAGE = YES_ERROR;
				CLANG_WARN_DOCUMENTATION_COMMENTS = YES;
				CLANG_WARN_EMPTY_BODY = YES;
				CLANG_WARN_ENUM_CONVERSION = YES;
				CLANG_WARN_INFINITE_RECURSION = YES;
				CLANG_WARN_INT_CONVERSION = YES;
				CLANG_WARN_NON_LITERAL_NULL_CONVERSION = YES;
				CLANG_WARN_OBJC_IMPLICIT_RETAIN_SELF = YES;
				CLANG_WARN_OBJC_LITERAL_CONVERSION = YES;
				CLANG_WARN_OBJC_ROOT_CLASS = YES_ERROR;
				CLANG_WARN_QUOTED_INCLUDE_IN_FRAMEWORK_HEADER = YES;
				CLANG_WARN_RANGE_LOOP_ANALYSIS = YES;
				CLANG_WARN_STRICT_PROTOTYPES = YES;
				CLANG_WARN_SUSPICIOUS_MOVE = YES;
				CLANG_WARN_UNGUARDED_AVAILABILITY = YES_AGGRESSIVE;
				CLANG_WARN_UNREACHABLE_CODE = YES;
				CLANG_WARN__DUPLICATE_METHOD_MATCH = YES;
				COPY_PHASE_STRIP = NO;
				DEBUG_INFORMATION_FORMAT = dwarf;
				ENABLE_STRICT_OBJC_MSGSEND = YES;
				ENABLE_TESTABILITY = YES;
				GCC_C_LANGUAGE_STANDARD = gnu11;
				GCC_DYNAMIC_NO_PIC = NO;
				GCC_NO_COMMON_BLOCKS = YES;
				GCC_OPTIMIZATION_LEVEL = 0;
				GCC_PREPROCESSOR_DEFINITIONS = (
					"DEBUG=1",
					"$(inherited)",
				);
				GCC_WARN_64_TO_32_BIT_CONVERSION = YES;
				GCC_WARN_ABOUT_RETURN_TYPE = YES_ERROR;
				GCC_WARN_UNDECLARED_SELECTOR = YES;
				GCC_WARN_UNINITIALIZED_AUTOS = YES_AGGRESSIVE;
				GCC_WARN_UNUSED_FUNCTION = YES;
				GCC_WARN_UNUSED_VARIABLE = YES;
				IPHONEOS_DEPLOYMENT_TARGET = 14.2;
				MTL_ENABLE_DEBUG_INFO = INCLUDE_SOURCE;
				MTL_FAST_MATH = YES;
				ONLY_ACTIVE_ARCH = YES;
				SDKROOT = iphoneos;
				SWIFT_ACTIVE_COMPILATION_CONDITIONS = DEBUG;
				SWIFT_OPTIMIZATION_LEVEL = "-Onone";
			};
			name = Debug;
		};
		E4DEF6062587A579001C22FC /* Release */ = {
			isa = XCBuildConfiguration;
			buildSettings = {
				ALWAYS_SEARCH_USER_PATHS = NO;
				CLANG_ANALYZER_NONNULL = YES;
				CLANG_ANALYZER_NUMBER_OBJECT_CONVERSION = YES_AGGRESSIVE;
				CLANG_CXX_LANGUAGE_STANDARD = "gnu++14";
				CLANG_CXX_LIBRARY = "libc++";
				CLANG_ENABLE_MODULES = YES;
				CLANG_ENABLE_OBJC_ARC = YES;
				CLANG_ENABLE_OBJC_WEAK = YES;
				CLANG_WARN_BLOCK_CAPTURE_AUTORELEASING = YES;
				CLANG_WARN_BOOL_CONVERSION = YES;
				CLANG_WARN_COMMA = YES;
				CLANG_WARN_CONSTANT_CONVERSION = YES;
				CLANG_WARN_DEPRECATED_OBJC_IMPLEMENTATIONS = YES;
				CLANG_WARN_DIRECT_OBJC_ISA_USAGE = YES_ERROR;
				CLANG_WARN_DOCUMENTATION_COMMENTS = YES;
				CLANG_WARN_EMPTY_BODY = YES;
				CLANG_WARN_ENUM_CONVERSION = YES;
				CLANG_WARN_INFINITE_RECURSION = YES;
				CLANG_WARN_INT_CONVERSION = YES;
				CLANG_WARN_NON_LITERAL_NULL_CONVERSION = YES;
				CLANG_WARN_OBJC_IMPLICIT_RETAIN_SELF = YES;
				CLANG_WARN_OBJC_LITERAL_CONVERSION = YES;
				CLANG_WARN_OBJC_ROOT_CLASS = YES_ERROR;
				CLANG_WARN_QUOTED_INCLUDE_IN_FRAMEWORK_HEADER = YES;
				CLANG_WARN_RANGE_LOOP_ANALYSIS = YES;
				CLANG_WARN_STRICT_PROTOTYPES = YES;
				CLANG_WARN_SUSPICIOUS_MOVE = YES;
				CLANG_WARN_UNGUARDED_AVAILABILITY = YES_AGGRESSIVE;
				CLANG_WARN_UNREACHABLE_CODE = YES;
				CLANG_WARN__DUPLICATE_METHOD_MATCH = YES;
				COPY_PHASE_STRIP = NO;
				DEBUG_INFORMATION_FORMAT = "dwarf-with-dsym";
				ENABLE_NS_ASSERTIONS = NO;
				ENABLE_STRICT_OBJC_MSGSEND = YES;
				GCC_C_LANGUAGE_STANDARD = gnu11;
				GCC_NO_COMMON_BLOCKS = YES;
				GCC_WARN_64_TO_32_BIT_CONVERSION = YES;
				GCC_WARN_ABOUT_RETURN_TYPE = YES_ERROR;
				GCC_WARN_UNDECLARED_SELECTOR = YES;
				GCC_WARN_UNINITIALIZED_AUTOS = YES_AGGRESSIVE;
				GCC_WARN_UNUSED_FUNCTION = YES;
				GCC_WARN_UNUSED_VARIABLE = YES;
				IPHONEOS_DEPLOYMENT_TARGET = 14.2;
				MTL_ENABLE_DEBUG_INFO = NO;
				MTL_FAST_MATH = YES;
				SDKROOT = iphoneos;
				SWIFT_COMPILATION_MODE = wholemodule;
				SWIFT_OPTIMIZATION_LEVEL = "-O";
				VALIDATE_PRODUCT = YES;
			};
			name = Release;
		};
		E4DEF6082587A579001C22FC /* Debug */ = {
			isa = XCBuildConfiguration;
			buildSettings = {
				ASSETCATALOG_COMPILER_APPICON_NAME = AppIcon;
				ASSETCATALOG_COMPILER_GLOBAL_ACCENT_COLOR_NAME = AccentColor;
				CODE_SIGN_STYLE = Automatic;
				DEVELOPMENT_ASSET_PATHS = "\"RGBSlider/Preview Content\"";
				DEVELOPMENT_TEAM = 58287L88KM;
				ENABLE_PREVIEWS = YES;
				INFOPLIST_FILE = RGBSlider/Info.plist;
				IPHONEOS_DEPLOYMENT_TARGET = 14.0;
				LD_RUNPATH_SEARCH_PATHS = (
					"$(inherited)",
					"@executable_path/Frameworks",
				);
				PRODUCT_BUNDLE_IDENTIFIER = "kik-OS.RGBSlider";
				PRODUCT_NAME = "$(TARGET_NAME)";
				SWIFT_VERSION = 5.0;
				TARGETED_DEVICE_FAMILY = "1,2";
			};
			name = Debug;
		};
		E4DEF6092587A579001C22FC /* Release */ = {
			isa = XCBuildConfiguration;
			buildSettings = {
				ASSETCATALOG_COMPILER_APPICON_NAME = AppIcon;
				ASSETCATALOG_COMPILER_GLOBAL_ACCENT_COLOR_NAME = AccentColor;
				CODE_SIGN_STYLE = Automatic;
				DEVELOPMENT_ASSET_PATHS = "\"RGBSlider/Preview Content\"";
				DEVELOPMENT_TEAM = 58287L88KM;
				ENABLE_PREVIEWS = YES;
				INFOPLIST_FILE = RGBSlider/Info.plist;
				IPHONEOS_DEPLOYMENT_TARGET = 14.0;
				LD_RUNPATH_SEARCH_PATHS = (
					"$(inherited)",
					"@executable_path/Frameworks",
				);
				PRODUCT_BUNDLE_IDENTIFIER = "kik-OS.RGBSlider";
				PRODUCT_NAME = "$(TARGET_NAME)";
				SWIFT_VERSION = 5.0;
				TARGETED_DEVICE_FAMILY = "1,2";
			};
			name = Release;
		};
/* End XCBuildConfiguration section */

/* Begin XCConfigurationList section */
		E4DEF5F32587A575001C22FC /* Build configuration list for PBXProject "RGBSlider" */ = {
			isa = XCConfigurationList;
			buildConfigurations = (
				E4DEF6052587A579001C22FC /* Debug */,
				E4DEF6062587A579001C22FC /* Release */,
			);
			defaultConfigurationIsVisible = 0;
			defaultConfigurationName = Release;
		};
		E4DEF6072587A579001C22FC /* Build configuration list for PBXNativeTarget "RGBSlider" */ = {
			isa = XCConfigurationList;
			buildConfigurations = (
				E4DEF6082587A579001C22FC /* Debug */,
				E4DEF6092587A579001C22FC /* Release */,
			);
			defaultConfigurationIsVisible = 0;
			defaultConfigurationName = Release;
		};
/* End XCConfigurationList section */
	};
	rootObject = E4DEF5F02587A575001C22FC /* Project object */;
}
